// !$*UTF8*$!
{
	archiveVersion = 1;
	classes = {
	};
	objectVersion = 48;
	objects = {

/* Begin PBXBuildFile section */
		30ACBFDC1FB5490E008B6C05 /* GSTableview.m in Sources */ = {isa = PBXBuildFile; fileRef = 30ACBFDB1FB5490E008B6C05 /* GSTableview.m */; };
		30ACBFDF1FB54A82008B6C05 /* GSParentViewController.m in Sources */ = {isa = PBXBuildFile; fileRef = 30ACBFDE1FB54A82008B6C05 /* GSParentViewController.m */; };
		30ACBFE21FB54ADC008B6C05 /* GSChildViewController.m in Sources */ = {isa = PBXBuildFile; fileRef = 30ACBFE11FB54ADC008B6C05 /* GSChildViewController.m */; };
		30ACBFE61FB54E5C008B6C05 /* GSBottomTableViewCell.m in Sources */ = {isa = PBXBuildFile; fileRef = 30ACBFE51FB54E5C008B6C05 /* GSBottomTableViewCell.m */; };
		30B7866C1FB4737500C488F7 /* AppDelegate.m in Sources */ = {isa = PBXBuildFile; fileRef = 30B7866B1FB4737500C488F7 /* AppDelegate.m */; };
		30B7866F1FB4737500C488F7 /* ViewController.m in Sources */ = {isa = PBXBuildFile; fileRef = 30B7866E1FB4737500C488F7 /* ViewController.m */; };
		30B786721FB4737500C488F7 /* Main.storyboard in Resources */ = {isa = PBXBuildFile; fileRef = 30B786701FB4737500C488F7 /* Main.storyboard */; };
		30B786741FB4737500C488F7 /* Assets.xcassets in Resources */ = {isa = PBXBuildFile; fileRef = 30B786731FB4737500C488F7 /* Assets.xcassets */; };
		30B786771FB4737500C488F7 /* LaunchScreen.storyboard in Resources */ = {isa = PBXBuildFile; fileRef = 30B786751FB4737500C488F7 /* LaunchScreen.storyboard */; };
		30B7867A1FB4737500C488F7 /* main.m in Sources */ = {isa = PBXBuildFile; fileRef = 30B786791FB4737500C488F7 /* main.m */; };
		30B786841FB4737500C488F7 /* tableView__tableView___________Tests.m in Sources */ = {isa = PBXBuildFile; fileRef = 30B786831FB4737500C488F7 /* tableView__tableView___________Tests.m */; };
		30B7868F1FB4737500C488F7 /* tableView__tableView___________UITests.m in Sources */ = {isa = PBXBuildFile; fileRef = 30B7868E1FB4737500C488F7 /* tableView__tableView___________UITests.m */; };
		49735C6EC4CE39B8DE5C4431 /* libPods-tableView嵌套tableView并刷新及滚动条是否显示.a in Frameworks */ = {isa = PBXBuildFile; fileRef = 70F2F8900B71471239F36F21 /* libPods-tableView嵌套tableView并刷新及滚动条是否显示.a */; };
/* End PBXBuildFile section */

/* Begin PBXContainerItemProxy section */
		30B786801FB4737500C488F7 /* PBXContainerItemProxy */ = {
			isa = PBXContainerItemProxy;
			containerPortal = 30B7865F1FB4737500C488F7 /* Project object */;
			proxyType = 1;
			remoteGlobalIDString = 30B786661FB4737500C488F7;
			remoteInfo = "tableView嵌套tableView并刷新及滚动条是否显示";
		};
		30B7868B1FB4737500C488F7 /* PBXContainerItemProxy */ = {
			isa = PBXContainerItemProxy;
			containerPortal = 30B7865F1FB4737500C488F7 /* Project object */;
			proxyType = 1;
			remoteGlobalIDString = 30B786661FB4737500C488F7;
			remoteInfo = "tableView嵌套tableView并刷新及滚动条是否显示";
		};
/* End PBXContainerItemProxy section */

/* Begin PBXFileReference section */
		30ACBFDA1FB5490E008B6C05 /* GSTableview.h */ = {isa = PBXFileReference; lastKnownFileType = sourcecode.c.h; path = GSTableview.h; sourceTree = "<group>"; };
		30ACBFDB1FB5490E008B6C05 /* GSTableview.m */ = {isa = PBXFileReference; lastKnownFileType = sourcecode.c.objc; path = GSTableview.m; sourceTree = "<group>"; };
		30ACBFDD1FB54A82008B6C05 /* GSParentViewController.h */ = {isa = PBXFileReference; lastKnownFileType = sourcecode.c.h; path = GSParentViewController.h; sourceTree = "<group>"; };
		30ACBFDE1FB54A82008B6C05 /* GSParentViewController.m */ = {isa = PBXFileReference; lastKnownFileType = sourcecode.c.objc; path = GSParentViewController.m; sourceTree = "<group>"; };
		30ACBFE01FB54ADC008B6C05 /* GSChildViewController.h */ = {isa = PBXFileReference; lastKnownFileType = sourcecode.c.h; path = GSChildViewController.h; sourceTree = "<group>"; };
		30ACBFE11FB54ADC008B6C05 /* GSChildViewController.m */ = {isa = PBXFileReference; lastKnownFileType = sourcecode.c.objc; path = GSChildViewController.m; sourceTree = "<group>"; };
		30ACBFE41FB54E5C008B6C05 /* GSBottomTableViewCell.h */ = {isa = PBXFileReference; lastKnownFileType = sourcecode.c.h; path = GSBottomTableViewCell.h; sourceTree = "<group>"; };
		30ACBFE51FB54E5C008B6C05 /* GSBottomTableViewCell.m */ = {isa = PBXFileReference; lastKnownFileType = sourcecode.c.objc; path = GSBottomTableViewCell.m; sourceTree = "<group>"; };
		30ACBFE81FB54EB5008B6C05 /* FSPageContentView.h */ = {isa = PBXFileReference; lastKnownFileType = sourcecode.c.h; path = FSPageContentView.h; sourceTree = "<group>"; };
		30ACBFE91FB54EB5008B6C05 /* FSPageContentView.m */ = {isa = PBXFileReference; lastKnownFileType = sourcecode.c.objc; path = FSPageContentView.m; sourceTree = "<group>"; };
		30ACBFEA1FB54EB5008B6C05 /* FSScrollContentView.h */ = {isa = PBXFileReference; lastKnownFileType = sourcecode.c.h; path = FSScrollContentView.h; sourceTree = "<group>"; };
		30ACBFEB1FB54EB5008B6C05 /* FSSegmentTitleView.h */ = {isa = PBXFileReference; lastKnownFileType = sourcecode.c.h; path = FSSegmentTitleView.h; sourceTree = "<group>"; };
		30ACBFEC1FB54EB5008B6C05 /* FSSegmentTitleView.m */ = {isa = PBXFileReference; lastKnownFileType = sourcecode.c.objc; path = FSSegmentTitleView.m; sourceTree = "<group>"; };
		30B786671FB4737500C488F7 /* tableView嵌套tableView并刷新及滚动条是否显示.app */ = {isa = PBXFileReference; explicitFileType = wrapper.application; includeInIndex = 0; path = "tableView嵌套tableView并刷新及滚动条是否显示.app"; sourceTree = BUILT_PRODUCTS_DIR; };
		30B7866A1FB4737500C488F7 /* AppDelegate.h */ = {isa = PBXFileReference; lastKnownFileType = sourcecode.c.h; path = AppDelegate.h; sourceTree = "<group>"; };
		30B7866B1FB4737500C488F7 /* AppDelegate.m */ = {isa = PBXFileReference; lastKnownFileType = sourcecode.c.objc; path = AppDelegate.m; sourceTree = "<group>"; };
		30B7866D1FB4737500C488F7 /* ViewController.h */ = {isa = PBXFileReference; lastKnownFileType = sourcecode.c.h; path = ViewController.h; sourceTree = "<group>"; };
		30B7866E1FB4737500C488F7 /* ViewController.m */ = {isa = PBXFileReference; lastKnownFileType = sourcecode.c.objc; path = ViewController.m; sourceTree = "<group>"; };
		30B786711FB4737500C488F7 /* Base */ = {isa = PBXFileReference; lastKnownFileType = file.storyboard; name = Base; path = Base.lproj/Main.storyboard; sourceTree = "<group>"; };
		30B786731FB4737500C488F7 /* Assets.xcassets */ = {isa = PBXFileReference; lastKnownFileType = folder.assetcatalog; path = Assets.xcassets; sourceTree = "<group>"; };
		30B786761FB4737500C488F7 /* Base */ = {isa = PBXFileReference; lastKnownFileType = file.storyboard; name = Base; path = Base.lproj/LaunchScreen.storyboard; sourceTree = "<group>"; };
		30B786781FB4737500C488F7 /* Info.plist */ = {isa = PBXFileReference; lastKnownFileType = text.plist.xml; path = Info.plist; sourceTree = "<group>"; };
		30B786791FB4737500C488F7 /* main.m */ = {isa = PBXFileReference; lastKnownFileType = sourcecode.c.objc; path = main.m; sourceTree = "<group>"; };
		30B7867F1FB4737500C488F7 /* tableView嵌套tableView并刷新及滚动条是否显示Tests.xctest */ = {isa = PBXFileReference; explicitFileType = wrapper.cfbundle; includeInIndex = 0; path = "tableView嵌套tableView并刷新及滚动条是否显示Tests.xctest"; sourceTree = BUILT_PRODUCTS_DIR; };
		30B786831FB4737500C488F7 /* tableView__tableView___________Tests.m */ = {isa = PBXFileReference; lastKnownFileType = sourcecode.c.objc; path = "tableView__tableView___________Tests.m"; sourceTree = "<group>"; };
		30B786851FB4737500C488F7 /* Info.plist */ = {isa = PBXFileReference; lastKnownFileType = text.plist.xml; path = Info.plist; sourceTree = "<group>"; };
		30B7868A1FB4737500C488F7 /* tableView嵌套tableView并刷新及滚动条是否显示UITests.xctest */ = {isa = PBXFileReference; explicitFileType = wrapper.cfbundle; includeInIndex = 0; path = "tableView嵌套tableView并刷新及滚动条是否显示UITests.xctest"; sourceTree = BUILT_PRODUCTS_DIR; };
		30B7868E1FB4737500C488F7 /* tableView__tableView___________UITests.m */ = {isa = PBXFileReference; lastKnownFileType = sourcecode.c.objc; path = "tableView__tableView___________UITests.m"; sourceTree = "<group>"; };
		30B786901FB4737500C488F7 /* Info.plist */ = {isa = PBXFileReference; lastKnownFileType = text.plist.xml; path = Info.plist; sourceTree = "<group>"; };
		70F2F8900B71471239F36F21 /* libPods-tableView嵌套tableView并刷新及滚动条是否显示.a */ = {isa = PBXFileReference; explicitFileType = archive.ar; includeInIndex = 0; path = "libPods-tableView嵌套tableView并刷新及滚动条是否显示.a"; sourceTree = BUILT_PRODUCTS_DIR; };
		A41FE52BB75C7046CCB63542 /* Pods-tableView嵌套tableView并刷新及滚动条是否显示.release.xcconfig */ = {isa = PBXFileReference; includeInIndex = 1; lastKnownFileType = text.xcconfig; name = "Pods-tableView嵌套tableView并刷新及滚动条是否显示.release.xcconfig"; path = "Pods/Target Support Files/Pods-tableView嵌套tableView并刷新及滚动条是否显示/Pods-tableView嵌套tableView并刷新及滚动条是否显示.release.xcconfig"; sourceTree = "<group>"; };
		F41429283EDEED60908CCEB3 /* Pods-tableView嵌套tableView并刷新及滚动条是否显示.debug.xcconfig */ = {isa = PBXFileReference; includeInIndex = 1; lastKnownFileType = text.xcconfig; name = "Pods-tableView嵌套tableView并刷新及滚动条是否显示.debug.xcconfig"; path = "Pods/Target Support Files/Pods-tableView嵌套tableView并刷新及滚动条是否显示/Pods-tableView嵌套tableView并刷新及滚动条是否显示.debug.xcconfig"; sourceTree = "<group>"; };
/* End PBXFileReference section */

/* Begin PBXFrameworksBuildPhase section */
		30B786641FB4737500C488F7 /* Frameworks */ = {
			isa = PBXFrameworksBuildPhase;
			buildActionMask = 2147483647;
			files = (
				49735C6EC4CE39B8DE5C4431 /* libPods-tableView嵌套tableView并刷新及滚动条是否显示.a in Frameworks */,
			);
			runOnlyForDeploymentPostprocessing = 0;
		};
		30B7867C1FB4737500C488F7 /* Frameworks */ = {
			isa = PBXFrameworksBuildPhase;
			buildActionMask = 2147483647;
			files = (
			);
			runOnlyForDeploymentPostprocessing = 0;
		};
		30B786871FB4737500C488F7 /* Frameworks */ = {
			isa = PBXFrameworksBuildPhase;
			buildActionMask = 2147483647;
			files = (
			);
			runOnlyForDeploymentPostprocessing = 0;
		};
/* End PBXFrameworksBuildPhase section */

/* Begin PBXGroup section */
		30ACBFE31FB54E40008B6C05 /* Views */ = {
			isa = PBXGroup;
			children = (
				30ACBFE41FB54E5C008B6C05 /* GSBottomTableViewCell.h */,
				30ACBFE51FB54E5C008B6C05 /* GSBottomTableViewCell.m */,
			);
			path = Views;
			sourceTree = "<group>";
		};
		30ACBFE71FB54EB5008B6C05 /* FSScrollContentViewLib */ = {
			isa = PBXGroup;
			children = (
				30ACBFE81FB54EB5008B6C05 /* FSPageContentView.h */,
				30ACBFE91FB54EB5008B6C05 /* FSPageContentView.m */,
				30ACBFEA1FB54EB5008B6C05 /* FSScrollContentView.h */,
				30ACBFEB1FB54EB5008B6C05 /* FSSegmentTitleView.h */,
				30ACBFEC1FB54EB5008B6C05 /* FSSegmentTitleView.m */,
			);
			path = FSScrollContentViewLib;
			sourceTree = "<group>";
		};
		30B7865E1FB4737500C488F7 = {
			isa = PBXGroup;
			children = (
				30B786691FB4737500C488F7 /* tableView嵌套tableView并刷新及滚动条是否显示 */,
				30B786821FB4737500C488F7 /* tableView嵌套tableView并刷新及滚动条是否显示Tests */,
				30B7868D1FB4737500C488F7 /* tableView嵌套tableView并刷新及滚动条是否显示UITests */,
				30B786681FB4737500C488F7 /* Products */,
				A42E74386F166D7506ADDB92 /* Pods */,
				5894F6A435AFF576F8007C48 /* Frameworks */,
			);
			sourceTree = "<group>";
		};
		30B786681FB4737500C488F7 /* Products */ = {
			isa = PBXGroup;
			children = (
				30B786671FB4737500C488F7 /* tableView嵌套tableView并刷新及滚动条是否显示.app */,
				30B7867F1FB4737500C488F7 /* tableView嵌套tableView并刷新及滚动条是否显示Tests.xctest */,
				30B7868A1FB4737500C488F7 /* tableView嵌套tableView并刷新及滚动条是否显示UITests.xctest */,
			);
			name = Products;
			sourceTree = "<group>";
		};
		30B786691FB4737500C488F7 /* tableView嵌套tableView并刷新及滚动条是否显示 */ = {
			isa = PBXGroup;
			children = (
				30ACBFE71FB54EB5008B6C05 /* FSScrollContentViewLib */,
				30ACBFE31FB54E40008B6C05 /* Views */,
				30B7866A1FB4737500C488F7 /* AppDelegate.h */,
				30B7866B1FB4737500C488F7 /* AppDelegate.m */,
				30B7866D1FB4737500C488F7 /* ViewController.h */,
				30B7866E1FB4737500C488F7 /* ViewController.m */,
				30B786701FB4737500C488F7 /* Main.storyboard */,
				30B786731FB4737500C488F7 /* Assets.xcassets */,
				30B786751FB4737500C488F7 /* LaunchScreen.storyboard */,
				30B786781FB4737500C488F7 /* Info.plist */,
				30B786791FB4737500C488F7 /* main.m */,
				30ACBFDA1FB5490E008B6C05 /* GSTableview.h */,
				30ACBFDB1FB5490E008B6C05 /* GSTableview.m */,
				30ACBFDD1FB54A82008B6C05 /* GSParentViewController.h */,
				30ACBFDE1FB54A82008B6C05 /* GSParentViewController.m */,
				30ACBFE01FB54ADC008B6C05 /* GSChildViewController.h */,
				30ACBFE11FB54ADC008B6C05 /* GSChildViewController.m */,
			);
			path = "tableView嵌套tableView并刷新及滚动条是否显示";
			sourceTree = "<group>";
		};
		30B786821FB4737500C488F7 /* tableView嵌套tableView并刷新及滚动条是否显示Tests */ = {
			isa = PBXGroup;
			children = (
				30B786831FB4737500C488F7 /* tableView__tableView___________Tests.m */,
				30B786851FB4737500C488F7 /* Info.plist */,
			);
			path = "tableView嵌套tableView并刷新及滚动条是否显示Tests";
			sourceTree = "<group>";
		};
		30B7868D1FB4737500C488F7 /* tableView嵌套tableView并刷新及滚动条是否显示UITests */ = {
			isa = PBXGroup;
			children = (
				30B7868E1FB4737500C488F7 /* tableView__tableView___________UITests.m */,
				30B786901FB4737500C488F7 /* Info.plist */,
			);
			path = "tableView嵌套tableView并刷新及滚动条是否显示UITests";
			sourceTree = "<group>";
		};
		5894F6A435AFF576F8007C48 /* Frameworks */ = {
			isa = PBXGroup;
			children = (
				70F2F8900B71471239F36F21 /* libPods-tableView嵌套tableView并刷新及滚动条是否显示.a */,
			);
			name = Frameworks;
			sourceTree = "<group>";
		};
		A42E74386F166D7506ADDB92 /* Pods */ = {
			isa = PBXGroup;
			children = (
				F41429283EDEED60908CCEB3 /* Pods-tableView嵌套tableView并刷新及滚动条是否显示.debug.xcconfig */,
				A41FE52BB75C7046CCB63542 /* Pods-tableView嵌套tableView并刷新及滚动条是否显示.release.xcconfig */,
			);
			name = Pods;
			sourceTree = "<group>";
		};
/* End PBXGroup section */

/* Begin PBXNativeTarget section */
		30B786661FB4737500C488F7 /* tableView嵌套tableView并刷新及滚动条是否显示 */ = {
			isa = PBXNativeTarget;
			buildConfigurationList = 30B786931FB4737500C488F7 /* Build configuration list for PBXNativeTarget "tableView嵌套tableView并刷新及滚动条是否显示" */;
			buildPhases = (
				8EDA0005B8CB63CEA5A48CA0 /* [CP] Check Pods Manifest.lock */,
				30B786631FB4737500C488F7 /* Sources */,
				30B786641FB4737500C488F7 /* Frameworks */,
				30B786651FB4737500C488F7 /* Resources */,
				53CFA67D951BA4C35B0E78EA /* [CP] Embed Pods Frameworks */,
				1EA310C741D17498D24C0619 /* [CP] Copy Pods Resources */,
			);
			buildRules = (
			);
			dependencies = (
			);
			name = "tableView嵌套tableView并刷新及滚动条是否显示";
			productName = "tableView嵌套tableView并刷新及滚动条是否显示";
			productReference = 30B786671FB4737500C488F7 /* tableView嵌套tableView并刷新及滚动条是否显示.app */;
			productType = "com.apple.product-type.application";
		};
		30B7867E1FB4737500C488F7 /* tableView嵌套tableView并刷新及滚动条是否显示Tests */ = {
			isa = PBXNativeTarget;
			buildConfigurationList = 30B786961FB4737500C488F7 /* Build configuration list for PBXNativeTarget "tableView嵌套tableView并刷新及滚动条是否显示Tests" */;
			buildPhases = (
				30B7867B1FB4737500C488F7 /* Sources */,
				30B7867C1FB4737500C488F7 /* Frameworks */,
				30B7867D1FB4737500C488F7 /* Resources */,
			);
			buildRules = (
			);
			dependencies = (
				30B786811FB4737500C488F7 /* PBXTargetDependency */,
			);
			name = "tableView嵌套tableView并刷新及滚动条是否显示Tests";
			productName = "tableView嵌套tableView并刷新及滚动条是否显示Tests";
			productReference = 30B7867F1FB4737500C488F7 /* tableView嵌套tableView并刷新及滚动条是否显示Tests.xctest */;
			productType = "com.apple.product-type.bundle.unit-test";
		};
		30B786891FB4737500C488F7 /* tableView嵌套tableView并刷新及滚动条是否显示UITests */ = {
			isa = PBXNativeTarget;
			buildConfigurationList = 30B786991FB4737500C488F7 /* Build configuration list for PBXNativeTarget "tableView嵌套tableView并刷新及滚动条是否显示UITests" */;
			buildPhases = (
				30B786861FB4737500C488F7 /* Sources */,
				30B786871FB4737500C488F7 /* Frameworks */,
				30B786881FB4737500C488F7 /* Resources */,
			);
			buildRules = (
			);
			dependencies = (
				30B7868C1FB4737500C488F7 /* PBXTargetDependency */,
			);
			name = "tableView嵌套tableView并刷新及滚动条是否显示UITests";
			productName = "tableView嵌套tableView并刷新及滚动条是否显示UITests";
			productReference = 30B7868A1FB4737500C488F7 /* tableView嵌套tableView并刷新及滚动条是否显示UITests.xctest */;
			productType = "com.apple.product-type.bundle.ui-testing";
		};
/* End PBXNativeTarget section */

/* Begin PBXProject section */
		30B7865F1FB4737500C488F7 /* Project object */ = {
			isa = PBXProject;
			attributes = {
				LastUpgradeCheck = 0900;
				ORGANIZATIONNAME = BIM;
				TargetAttributes = {
					30B786661FB4737500C488F7 = {
						CreatedOnToolsVersion = 9.0;
						ProvisioningStyle = Automatic;
					};
					30B7867E1FB4737500C488F7 = {
						CreatedOnToolsVersion = 9.0;
						ProvisioningStyle = Automatic;
						TestTargetID = 30B786661FB4737500C488F7;
					};
					30B786891FB4737500C488F7 = {
						CreatedOnToolsVersion = 9.0;
						ProvisioningStyle = Automatic;
						TestTargetID = 30B786661FB4737500C488F7;
					};
				};
			};
			buildConfigurationList = 30B786621FB4737500C488F7 /* Build configuration list for PBXProject "tableView嵌套tableView并刷新及滚动条是否显示" */;
			compatibilityVersion = "Xcode 8.0";
			developmentRegion = en;
			hasScannedForEncodings = 0;
			knownRegions = (
				en,
				Base,
			);
			mainGroup = 30B7865E1FB4737500C488F7;
			productRefGroup = 30B786681FB4737500C488F7 /* Products */;
			projectDirPath = "";
			projectRoot = "";
			targets = (
				30B786661FB4737500C488F7 /* tableView嵌套tableView并刷新及滚动条是否显示 */,
				30B7867E1FB4737500C488F7 /* tableView嵌套tableView并刷新及滚动条是否显示Tests */,
				30B786891FB4737500C488F7 /* tableView嵌套tableView并刷新及滚动条是否显示UITests */,
			);
		};
/* End PBXProject section */

/* Begin PBXResourcesBuildPhase section */
		30B786651FB4737500C488F7 /* Resources */ = {
			isa = PBXResourcesBuildPhase;
			buildActionMask = 2147483647;
			files = (
				30B786771FB4737500C488F7 /* LaunchScreen.storyboard in Resources */,
				30B786741FB4737500C488F7 /* Assets.xcassets in Resources */,
				30B786721FB4737500C488F7 /* Main.storyboard in Resources */,
			);
			runOnlyForDeploymentPostprocessing = 0;
		};
		30B7867D1FB4737500C488F7 /* Resources */ = {
			isa = PBXResourcesBuildPhase;
			buildActionMask = 2147483647;
			files = (
			);
			runOnlyForDeploymentPostprocessing = 0;
		};
		30B786881FB4737500C488F7 /* Resources */ = {
			isa = PBXResourcesBuildPhase;
			buildActionMask = 2147483647;
			files = (
			);
			runOnlyForDeploymentPostprocessing = 0;
		};
/* End PBXResourcesBuildPhase section */

/* Begin PBXShellScriptBuildPhase section */
		1EA310C741D17498D24C0619 /* [CP] Copy Pods Resources */ = {
			isa = PBXShellScriptBuildPhase;
			buildActionMask = 2147483647;
			files = (
			);
			inputPaths = (
			);
			name = "[CP] Copy Pods Resources";
			outputPaths = (
			);
			runOnlyForDeploymentPostprocessing = 0;
			shellPath = /bin/sh;
			shellScript = "\"${SRCROOT}/Pods/Target Support Files/Pods-tableView嵌套tableView并刷新及滚动条是否显示/Pods-tableView嵌套tableView并刷新及滚动条是否显示-resources.sh\"\n";
			showEnvVarsInLog = 0;
		};
		53CFA67D951BA4C35B0E78EA /* [CP] Embed Pods Frameworks */ = {
			isa = PBXShellScriptBuildPhase;
			buildActionMask = 2147483647;
			files = (
			);
			inputPaths = (
			);
			name = "[CP] Embed Pods Frameworks";
			outputPaths = (
			);
			runOnlyForDeploymentPostprocessing = 0;
			shellPath = /bin/sh;
			shellScript = "\"${SRCROOT}/Pods/Target Support Files/Pods-tableView嵌套tableView并刷新及滚动条是否显示/Pods-tableView嵌套tableView并刷新及滚动条是否显示-frameworks.sh\"\n";
			showEnvVarsInLog = 0;
		};
		8EDA0005B8CB63CEA5A48CA0 /* [CP] Check Pods Manifest.lock */ = {
			isa = PBXShellScriptBuildPhase;
			buildActionMask = 2147483647;
			files = (
			);
			inputPaths = (
				"${PODS_PODFILE_DIR_PATH}/Podfile.lock",
				"${PODS_ROOT}/Manifest.lock",
			);
			name = "[CP] Check Pods Manifest.lock";
			outputPaths = (
				"$(DERIVED_FILE_DIR)/Pods-tableView嵌套tableView并刷新及滚动条是否显示-checkManifestLockResult.txt",
			);
			runOnlyForDeploymentPostprocessing = 0;
			shellPath = /bin/sh;
			shellScript = "diff \"${PODS_PODFILE_DIR_PATH}/Podfile.lock\" \"${PODS_ROOT}/Manifest.lock\" > /dev/null\nif [ $? != 0 ] ; then\n    # print error to STDERR\n    echo \"error: The sandbox is not in sync with the Podfile.lock. Run 'pod install' or update your CocoaPods installation.\" >&2\n    exit 1\nfi\n# This output is used by Xcode 'outputs' to avoid re-running this script phase.\necho \"SUCCESS\" > \"${SCRIPT_OUTPUT_FILE_0}\"\n";
			showEnvVarsInLog = 0;
		};
/* End PBXShellScriptBuildPhase section */

/* Begin PBXSourcesBuildPhase section */
		30B786631FB4737500C488F7 /* Sources */ = {
			isa = PBXSourcesBuildPhase;
			buildActionMask = 2147483647;
			files = (
				30B7866F1FB4737500C488F7 /* ViewController.m in Sources */,
				30ACBFDC1FB5490E008B6C05 /* GSTableview.m in Sources */,
				30B7867A1FB4737500C488F7 /* main.m in Sources */,
				30ACBFE61FB54E5C008B6C05 /* GSBottomTableViewCell.m in Sources */,
				30ACBFDF1FB54A82008B6C05 /* GSParentViewController.m in Sources */,
				30B7866C1FB4737500C488F7 /* AppDelegate.m in Sources */,
				30ACBFE21FB54ADC008B6C05 /* GSChildViewController.m in Sources */,
			);
			runOnlyForDeploymentPostprocessing = 0;
		};
		30B7867B1FB4737500C488F7 /* Sources */ = {
			isa = PBXSourcesBuildPhase;
			buildActionMask = 2147483647;
			files = (
				30B786841FB4737500C488F7 /* tableView__tableView___________Tests.m in Sources */,
			);
			runOnlyForDeploymentPostprocessing = 0;
		};
		30B786861FB4737500C488F7 /* Sources */ = {
			isa = PBXSourcesBuildPhase;
			buildActionMask = 2147483647;
			files = (
				30B7868F1FB4737500C488F7 /* tableView__tableView___________UITests.m in Sources */,
			);
			runOnlyForDeploymentPostprocessing = 0;
		};
/* End PBXSourcesBuildPhase section */

/* Begin PBXTargetDependency section */
		30B786811FB4737500C488F7 /* PBXTargetDependency */ = {
			isa = PBXTargetDependency;
			target = 30B786661FB4737500C488F7 /* tableView嵌套tableView并刷新及滚动条是否显示 */;
			targetProxy = 30B786801FB4737500C488F7 /* PBXContainerItemProxy */;
		};
		30B7868C1FB4737500C488F7 /* PBXTargetDependency */ = {
			isa = PBXTargetDependency;
			target = 30B786661FB4737500C488F7 /* tableView嵌套tableView并刷新及滚动条是否显示 */;
			targetProxy = 30B7868B1FB4737500C488F7 /* PBXContainerItemProxy */;
		};
/* End PBXTargetDependency section */

/* Begin PBXVariantGroup section */
		30B786701FB4737500C488F7 /* Main.storyboard */ = {
			isa = PBXVariantGroup;
			children = (
				30B786711FB4737500C488F7 /* Base */,
			);
			name = Main.storyboard;
			sourceTree = "<group>";
		};
		30B786751FB4737500C488F7 /* LaunchScreen.storyboard */ = {
			isa = PBXVariantGroup;
			children = (
				30B786761FB4737500C488F7 /* Base */,
			);
			name = LaunchScreen.storyboard;
			sourceTree = "<group>";
		};
/* End PBXVariantGroup section */

/* Begin XCBuildConfiguration section */
		30B786911FB4737500C488F7 /* Debug */ = {
			isa = XCBuildConfiguration;
			buildSettings = {
				ALWAYS_SEARCH_USER_PATHS = NO;
				CLANG_ANALYZER_NONNULL = YES;
				CLANG_ANALYZER_NUMBER_OBJECT_CONVERSION = YES_AGGRESSIVE;
				CLANG_CXX_LANGUAGE_STANDARD = "gnu++14";
				CLANG_CXX_LIBRARY = "libc++";
				CLANG_ENABLE_MODULES = YES;
				CLANG_ENABLE_OBJC_ARC = YES;
				CLANG_WARN_BLOCK_CAPTURE_AUTORELEASING = YES;
				CLANG_WARN_BOOL_CONVERSION = YES;
				CLANG_WARN_COMMA = YES;
				CLANG_WARN_CONSTANT_CONVERSION = YES;
				CLANG_WARN_DIRECT_OBJC_ISA_USAGE = YES_ERROR;
				CLANG_WARN_DOCUMENTATION_COMMENTS = YES;
				CLANG_WARN_EMPTY_BODY = YES;
				CLANG_WARN_ENUM_CONVERSION = YES;
				CLANG_WARN_INFINITE_RECURSION = YES;
				CLANG_WARN_INT_CONVERSION = YES;
				CLANG_WARN_NON_LITERAL_NULL_CONVERSION = YES;
				CLANG_WARN_OBJC_LITERAL_CONVERSION = YES;
				CLANG_WARN_OBJC_ROOT_CLASS = YES_ERROR;
				CLANG_WARN_RANGE_LOOP_ANALYSIS = YES;
				CLANG_WARN_STRICT_PROTOTYPES = YES;
				CLANG_WARN_SUSPICIOUS_MOVE = YES;
				CLANG_WARN_UNGUARDED_AVAILABILITY = YES_AGGRESSIVE;
				CLANG_WARN_UNREACHABLE_CODE = YES;
				CLANG_WARN__DUPLICATE_METHOD_MATCH = YES;
				CODE_SIGN_IDENTITY = "iPhone Developer";
				COPY_PHASE_STRIP = NO;
				DEBUG_INFORMATION_FORMAT = dwarf;
				ENABLE_STRICT_OBJC_MSGSEND = YES;
				ENABLE_TESTABILITY = YES;
				GCC_C_LANGUAGE_STANDARD = gnu11;
				GCC_DYNAMIC_NO_PIC = NO;
				GCC_NO_COMMON_BLOCKS = YES;
				GCC_OPTIMIZATION_LEVEL = 0;
				GCC_PREPROCESSOR_DEFINITIONS = (
					"DEBUG=1",
					"$(inherited)",
				);
				GCC_WARN_64_TO_32_BIT_CONVERSION = YES;
				GCC_WARN_ABOUT_RETURN_TYPE = YES_ERROR;
				GCC_WARN_UNDECLARED_SELECTOR = YES;
				GCC_WARN_UNINITIALIZED_AUTOS = YES_AGGRESSIVE;
				GCC_WARN_UNUSED_FUNCTION = YES;
				GCC_WARN_UNUSED_VARIABLE = YES;
				IPHONEOS_DEPLOYMENT_TARGET = 11.0;
				MTL_ENABLE_DEBUG_INFO = YES;
				ONLY_ACTIVE_ARCH = YES;
				SDKROOT = iphoneos;
			};
			name = Debug;
		};
		30B786921FB4737500C488F7 /* Release */ = {
			isa = XCBuildConfiguration;
			buildSettings = {
				ALWAYS_SEARCH_USER_PATHS = NO;
				CLANG_ANALYZER_NONNULL = YES;
				CLANG_ANALYZER_NUMBER_OBJECT_CONVERSION = YES_AGGRESSIVE;
				CLANG_CXX_LANGUAGE_STANDARD = "gnu++14";
				CLANG_CXX_LIBRARY = "libc++";
				CLANG_ENABLE_MODULES = YES;
				CLANG_ENABLE_OBJC_ARC = YES;
				CLANG_WARN_BLOCK_CAPTURE_AUTORELEASING = YES;
				CLANG_WARN_BOOL_CONVERSION = YES;
				CLANG_WARN_COMMA = YES;
				CLANG_WARN_CONSTANT_CONVERSION = YES;
				CLANG_WARN_DIRECT_OBJC_ISA_USAGE = YES_ERROR;
				CLANG_WARN_DOCUMENTATION_COMMENTS = YES;
				CLANG_WARN_EMPTY_BODY = YES;
				CLANG_WARN_ENUM_CONVERSION = YES;
				CLANG_WARN_INFINITE_RECURSION = YES;
				CLANG_WARN_INT_CONVERSION = YES;
				CLANG_WARN_NON_LITERAL_NULL_CONVERSION = YES;
				CLANG_WARN_OBJC_LITERAL_CONVERSION = YES;
				CLANG_WARN_OBJC_ROOT_CLASS = YES_ERROR;
				CLANG_WARN_RANGE_LOOP_ANALYSIS = YES;
				CLANG_WARN_STRICT_PROTOTYPES = YES;
				CLANG_WARN_SUSPICIOUS_MOVE = YES;
				CLANG_WARN_UNGUARDED_AVAILABILITY = YES_AGGRESSIVE;
				CLANG_WARN_UNREACHABLE_CODE = YES;
				CLANG_WARN__DUPLICATE_METHOD_MATCH = YES;
				CODE_SIGN_IDENTITY = "iPhone Developer";
				COPY_PHASE_STRIP = NO;
				DEBUG_INFORMATION_FORMAT = "dwarf-with-dsym";
				ENABLE_NS_ASSERTIONS = NO;
				ENABLE_STRICT_OBJC_MSGSEND = YES;
				GCC_C_LANGUAGE_STANDARD = gnu11;
				GCC_NO_COMMON_BLOCKS = YES;
				GCC_WARN_64_TO_32_BIT_CONVERSION = YES;
				GCC_WARN_ABOUT_RETURN_TYPE = YES_ERROR;
				GCC_WARN_UNDECLARED_SELECTOR = YES;
				GCC_WARN_UNINITIALIZED_AUTOS = YES_AGGRESSIVE;
				GCC_WARN_UNUSED_FUNCTION = YES;
				GCC_WARN_UNUSED_VARIABLE = YES;
				IPHONEOS_DEPLOYMENT_TARGET = 11.0;
				MTL_ENABLE_DEBUG_INFO = NO;
				SDKROOT = iphoneos;
				VALIDATE_PRODUCT = YES;
			};
			name = Release;
		};
		30B786941FB4737500C488F7 /* Debug */ = {
			isa = XCBuildConfiguration;
			baseConfigurationReference = F41429283EDEED60908CCEB3 /* Pods-tableView嵌套tableView并刷新及滚动条是否显示.debug.xcconfig */;
			buildSettings = {
				ASSETCATALOG_COMPILER_APPICON_NAME = AppIcon;
				CODE_SIGN_STYLE = Automatic;
				DEVELOPMENT_TEAM = NK22HY3LBA;
				INFOPLIST_FILE = "tableView嵌套tableView并刷新及滚动条是否显示/Info.plist";
				IPHONEOS_DEPLOYMENT_TARGET = 10.0;
				LD_RUNPATH_SEARCH_PATHS = "$(inherited) @executable_path/Frameworks";
				PRODUCT_BUNDLE_IDENTIFIER = "com.baimuxiaofang.tableView--tableView-----------";
				PRODUCT_NAME = "$(TARGET_NAME)";
				TARGETED_DEVICE_FAMILY = "1,2";
			};
			name = Debug;
		};
		30B786951FB4737500C488F7 /* Release */ = {
			isa = XCBuildConfiguration;
			baseConfigurationReference = A41FE52BB75C7046CCB63542 /* Pods-tableView嵌套tableView并刷新及滚动条是否显示.release.xcconfig */;
			buildSettings = {
				ASSETCATALOG_COMPILER_APPICON_NAME = AppIcon;
				CODE_SIGN_STYLE = Automatic;
				DEVELOPMENT_TEAM = NK22HY3LBA;
				INFOPLIST_FILE = "tableView嵌套tableView并刷新及滚动条是否显示/Info.plist";
				IPHONEOS_DEPLOYMENT_TARGET = 10.0;
				LD_RUNPATH_SEARCH_PATHS = "$(inherited) @executable_path/Frameworks";
				PRODUCT_BUNDLE_IDENTIFIER = "com.baimuxiaofang.tableView--tableView-----------";
				PRODUCT_NAME = "$(TARGET_NAME)";
				TARGETED_DEVICE_FAMILY = "1,2";
			};
			name = Release;
		};
		30B786971FB4737500C488F7 /* Debug */ = {
			isa = XCBuildConfiguration;
			buildSettings = {
				BUNDLE_LOADER = "$(TEST_HOST)";
				CODE_SIGN_STYLE = Automatic;
				DEVELOPMENT_TEAM = NK22HY3LBA;
				INFOPLIST_FILE = "tableView嵌套tableView并刷新及滚动条是否显示Tests/Info.plist";
				LD_RUNPATH_SEARCH_PATHS = "$(inherited) @executable_path/Frameworks @loader_path/Frameworks";
				PRODUCT_BUNDLE_IDENTIFIER = "com.baimuxiaofang.tableView--tableView-----------Tests";
				PRODUCT_NAME = "$(TARGET_NAME)";
				TARGETED_DEVICE_FAMILY = "1,2";
				TEST_HOST = "$(BUILT_PRODUCTS_DIR)/tableView嵌套tableView并刷新及滚动条是否显示.app/tableView嵌套tableView并刷新及滚动条是否显示";
			};
			name = Debug;
		};
		30B786981FB4737500C488F7 /* Release */ = {
			isa = XCBuildConfiguration;
			buildSettings = {
				BUNDLE_LOADER = "$(TEST_HOST)";
				CODE_SIGN_STYLE = Automatic;
				DEVELOPMENT_TEAM = NK22HY3LBA;
				INFOPLIST_FILE = "tableView嵌套tableView并刷新及滚动条是否显示Tests/Info.plist";
				LD_RUNPATH_SEARCH_PATHS = "$(inherited) @executable_path/Frameworks @loader_path/Frameworks";
				PRODUCT_BUNDLE_IDENTIFIER = "com.baimuxiaofang.tableView--tableView-----------Tests";
				PRODUCT_NAME = "$(TARGET_NAME)";
				TARGETED_DEVICE_FAMILY = "1,2";
				TEST_HOST = "$(BUILT_PRODUCTS_DIR)/tableView嵌套tableView并刷新及滚动条是否显示.app/tableView嵌套tableView并刷新及滚动条是否显示";
			};
			name = Release;
		};
		30B7869A1FB4737500C488F7 /* Debug */ = {
			isa = XCBuildConfiguration;
			buildSettings = {
				CODE_SIGN_STYLE = Automatic;
				DEVELOPMENT_TEAM = NK22HY3LBA;
				INFOPLIST_FILE = "tableView嵌套tableView并刷新及滚动条是否显示UITests/Info.plist";
				LD_RUNPATH_SEARCH_PATHS = "$(inherited) @executable_path/Frameworks @loader_path/Frameworks";
				PRODUCT_BUNDLE_IDENTIFIER = "com.baimuxiaofang.tableView--tableView-----------UITests";
				PRODUCT_NAME = "$(TARGET_NAME)";
				TARGETED_DEVICE_FAMILY = "1,2";
				TEST_TARGET_NAME = "tableView嵌套tableView并刷新及滚动条是否显示";
			};
			name = Debug;
		};
		30B7869B1FB4737500C488F7 /* Release */ = {
			isa = XCBuildConfiguration;
			buildSettings = {
				CODE_SIGN_STYLE = Automatic;
				DEVELOPMENT_TEAM = NK22HY3LBA;
				INFOPLIST_FILE = "tableView嵌套tableView并刷新及滚动条是否显示UITests/Info.plist";
				LD_RUNPATH_SEARCH_PATHS = "$(inherited) @executable_path/Frameworks @loader_path/Frameworks";
				PRODUCT_BUNDLE_IDENTIFIER = "com.baimuxiaofang.tableView--tableView-----------UITests";
				PRODUCT_NAME = "$(TARGET_NAME)";
				TARGETED_DEVICE_FAMILY = "1,2";
				TEST_TARGET_NAME = "tableView嵌套tableView并刷新及滚动条是否显示";
			};
			name = Release;
		};
/* End XCBuildConfiguration section */

/* Begin XCConfigurationList section */
		30B786621FB4737500C488F7 /* Build configuration list for PBXProject "tableView嵌套tableView并刷新及滚动条是否显示" */ = {
			isa = XCConfigurationList;
			buildConfigurations = (
				30B786911FB4737500C488F7 /* Debug */,
				30B786921FB4737500C488F7 /* Release */,
			);
			defaultConfigurationIsVisible = 0;
			defaultConfigurationName = Release;
		};
		30B786931FB4737500C488F7 /* Build configuration list for PBXNativeTarget "tableView嵌套tableView并刷新及滚动条是否显示" */ = {
			isa = XCConfigurationList;
			buildConfigurations = (
				30B786941FB4737500C488F7 /* Debug */,
				30B786951FB4737500C488F7 /* Release */,
			);
			defaultConfigurationIsVisible = 0;
			defaultConfigurationName = Release;
		};
		30B786961FB4737500C488F7 /* Build configuration list for PBXNativeTarget "tableView嵌套tableView并刷新及滚动条是否显示Tests" */ = {
			isa = XCConfigurationList;
			buildConfigurations = (
				30B786971FB4737500C488F7 /* Debug */,
				30B786981FB4737500C488F7 /* Release */,
			);
			defaultConfigurationIsVisible = 0;
			defaultConfigurationName = Release;
		};
		30B786991FB4737500C488F7 /* Build configuration list for PBXNativeTarget "tableView嵌套tableView并刷新及滚动条是否显示UITests" */ = {
			isa = XCConfigurationList;
			buildConfigurations = (
				30B7869A1FB4737500C488F7 /* Debug */,
				30B7869B1FB4737500C488F7 /* Release */,
			);
			defaultConfigurationIsVisible = 0;
			defaultConfigurationName = Release;
		};
/* End XCConfigurationList section */
	};
	rootObject = 30B7865F1FB4737500C488F7 /* Project object */;
}
